
Microsoft Visual Studio Solution File, Format Version 12.00
# Visual Studio Version 17
VisualStudioVersion = 17.4.33122.133
MinimumVisualStudioVersion = 10.0.40219.1
Project("{FAE04EC0-301F-11D3-BF4B-00C04F79EFBC}") = "Bosco", "Bosco\Bosco.csproj", "{51A1CAEA-ED0C-4347-87C5-E3374ACF7738}"
EndProject
Project("{FAE04EC0-301F-11D3-BF4B-00C04F79EFBC}") = "Bosco.Core", "Bosco.Core\Bosco.Core.csproj", "{3C5A675B-71BD-4AA0-98AE-9F87990BE0AD}"
EndProject
Global
	GlobalSection(SolutionConfigurationPlatforms) = preSolution
		Debug|Any CPU = Debug|Any CPU
		Release|Any CPU = Release|Any CPU
	EndGlobalSection
	GlobalSection(ProjectConfigurationPlatforms) = postSolution
		{51A1CAEA-ED0C-4347-87C5-E3374ACF7738}.Debug|Any CPU.ActiveCfg = Debug|Any CPU
		{51A1CAEA-ED0C-4347-87C5-E3374ACF7738}.Debug|Any CPU.Build.0 = Debug|Any CPU
		{51A1CAEA-ED0C-4347-87C5-E3374ACF7738}.Release|Any CPU.ActiveCfg = Release|Any CPU
		{51A1CAEA-ED0C-4347-87C5-E3374ACF7738}.Release|Any CPU.Build.0 = Release|Any CPU
		{3C5A675B-71BD-4AA0-98AE-9F87990BE0AD}.Debug|Any CPU.ActiveCfg = Debug|Any CPU
		{3C5A675B-71BD-4AA0-98AE-9F87990BE0AD}.Debug|Any CPU.Build.0 = Debug|Any CPU
		{3C5A675B-71BD-4AA0-98AE-9F87990BE0AD}.Release|Any CPU.ActiveCfg = Release|Any CPU
		{3C5A675B-71BD-4AA0-98AE-9F87990BE0AD}.Release|Any CPU.Build.0 = Release|Any CPU
	EndGlobalSection
	GlobalSection(SolutionProperties) = preSolution
		HideSolutionNode = FALSE
	EndGlobalSection
	GlobalSection(ExtensibilityGlobals) = postSolution
		SolutionGuid = {DE344948-52C9-46A7-94AF-A78573996277}
	EndGlobalSection
EndGlobal
